{
	"name": "server",
	"lockfileVersion": 2,
	"requires": true,
	"packages": {
		"": {
			"dependencies": {
				"jquery": "3.6.4",
				"normalize.css": "8.0.1"
			}
		},
		"node_modules/jquery": {
			"version": "3.6.4",
			"resolved": "https://registry.npmjs.org/jquery/-/jquery-3.6.4.tgz",
			"integrity": "sha512-v28EW9DWDFpzcD9O5iyJXg3R3+q+mET5JhnjJzQUZMHOv67bpSIHq81GEYpPNZHG+XXHsfSme3nxp/hndKEcsQ=="
		},
		"node_modules/normalize.css": {
			"version": "8.0.1",
			"resolved": "https://registry.npmjs.org/normalize.css/-/normalize.css-8.0.1.tgz",
			"integrity": "sha512-qizSNPO93t1YUuUhP22btGOo3chcvDFqFaj2TRybP0DMxkHOCTYwp3n34fel4a31ORXy4m1Xq0Gyqpb5m33qIg=="
		}
	},
	"dependencies": {
		"jquery": {
			"version": "3.6.4",
			"resolved": "https://registry.npmjs.org/jquery/-/jquery-3.6.4.tgz",
			"integrity": "sha512-v28EW9DWDFpzcD9O5iyJXg3R3+q+mET5JhnjJzQUZMHOv67bpSIHq81GEYpPNZHG+XXHsfSme3nxp/hndKEcsQ=="
		},
		"normalize.css": {
			"version": "8.0.1",
			"resolved": "https://registry.npmjs.org/normalize.css/-/normalize.css-8.0.1.tgz",
			"integrity": "sha512-qizSNPO93t1YUuUhP22btGOo3chcvDFqFaj2TRybP0DMxkHOCTYwp3n34fel4a31ORXy4m1Xq0Gyqpb5m33qIg=="
		}
	}
}
