{
	"requires": true,
	"lockfileVersion": 1,
	"dependencies": {
		"jquery": {
			"version": "3.6.1",
			"resolved": "https://registry.npmjs.org/jquery/-/jquery-3.6.1.tgz",
			"integrity": "sha512-opJeO4nCucVnsjiXOE+/PcCgYw9Gwpvs/a6B1LL/lQhwWwpbVEVYDZ1FokFr8PRc7ghYlrFPuyHuiiDNTQxmcw=="
		},
		"normalize.css": {
			"version": "8.0.1",
			"resolved": "https://registry.npmjs.org/normalize.css/-/normalize.css-8.0.1.tgz",
			"integrity": "sha512-qizSNPO93t1YUuUhP22btGOo3chcvDFqFaj2TRybP0DMxkHOCTYwp3n34fel4a31ORXy4m1Xq0Gyqpb5m33qIg=="
		}
	}
}
