# This is a Gradle generated file for dependency locking.
# Manual edits can break the build and are not advised.
# This file is expected to be part of source control.
co.touchlab:stately-common-js:1.2.5=jsNpm,jsRuntimeClasspath,jsTestNpm,jsTestRuntimeClasspath
co.touchlab:stately-common-jvm:1.2.5=jvmTestRuntimeClasspath
co.touchlab:stately-common:1.2.5=commonMainResolvableDependenciesMetadata,jsNpm,jsRuntimeClasspath,jsTestNpm,jsTestRuntimeClasspath,jvmTestRuntimeClasspath
co.touchlab:stately-concurrency-js:1.2.5=jsNpm,jsRuntimeClasspath,jsTestNpm,jsTestRuntimeClasspath
co.touchlab:stately-concurrency-jvm:1.2.5=jvmTestRuntimeClasspath
co.touchlab:stately-concurrency:1.2.5=commonMainResolvableDependenciesMetadata,jsNpm,jsRuntimeClasspath,jsTestNpm,jsTestRuntimeClasspath,jvmTestRuntimeClasspath
net.java.dev.jna:jna:5.6.0=kotlinCompilerClasspath
org.apiguardian:apiguardian-api:1.1.0=jvmTestCompileClasspath,jvmTestRuntimeClasspath
org.freemarker:freemarker:2.3.32=koverJvmReporter
org.jetbrains.intellij.deps:coverage-report:1.0.21=koverJvmReporter
org.jetbrains.intellij.deps:intellij-coverage-agent:1.0.724=koverJvmAgent,koverJvmReporter
org.jetbrains.intellij.deps:intellij-coverage-reporter:1.0.724=koverJvmReporter
org.jetbrains.intellij.deps:trove4j:1.0.20200330=kotlinCompilerClasspath
org.jetbrains.kotlin:kotlin-compiler-embeddable:1.8.22=kotlinCompilerClasspath
org.jetbrains.kotlin:kotlin-daemon-embeddable:1.8.22=kotlinCompilerClasspath
org.jetbrains.kotlin:kotlin-gradle-plugin-annotations:1.8.22=kotlinCompilerPluginClasspathJsMain,kotlinCompilerPluginClasspathJsTest,kotlinCompilerPluginClasspathJvmMain,kotlinCompilerPluginClasspathJvmTest,kotlinCompilerPluginClasspathMetadataCommonMain
org.jetbrains.kotlin:kotlin-gradle-plugin-api:1.8.22=kotlinCompilerPluginClasspathJsMain,kotlinCompilerPluginClasspathJsTest,kotlinCompilerPluginClasspathJvmMain,kotlinCompilerPluginClasspathJvmTest,kotlinCompilerPluginClasspathMetadataCommonMain
org.jetbrains.kotlin:kotlin-gradle-plugins-bom:1.8.22=kotlinCompilerPluginClasspathJsMain,kotlinCompilerPluginClasspathJsTest,kotlinCompilerPluginClasspathJvmMain,kotlinCompilerPluginClasspathJvmTest,kotlinCompilerPluginClasspathMetadataCommonMain
org.jetbrains.kotlin:kotlin-native-utils:1.8.22=kotlinCompilerPluginClasspathJsMain,kotlinCompilerPluginClasspathJsTest,kotlinCompilerPluginClasspathJvmMain,kotlinCompilerPluginClasspathJvmTest,kotlinCompilerPluginClasspathMetadataCommonMain
org.jetbrains.kotlin:kotlin-project-model:1.8.22=kotlinCompilerPluginClasspathJsMain,kotlinCompilerPluginClasspathJsTest,kotlinCompilerPluginClasspathJvmMain,kotlinCompilerPluginClasspathJvmTest,kotlinCompilerPluginClasspathMetadataCommonMain
org.jetbrains.kotlin:kotlin-reflect:1.6.10=kotlinCompilerClasspath
org.jetbrains.kotlin:kotlin-script-runtime:1.8.22=kotlinCompilerClasspath,kotlinCompilerPluginClasspathJsMain,kotlinCompilerPluginClasspathJsTest,kotlinCompilerPluginClasspathJvmMain,kotlinCompilerPluginClasspathJvmTest,kotlinCompilerPluginClasspathMetadataCommonMain
org.jetbrains.kotlin:kotlin-scripting-common:1.8.22=kotlinCompilerPluginClasspathJsMain,kotlinCompilerPluginClasspathJsTest,kotlinCompilerPluginClasspathJvmMain,kotlinCompilerPluginClasspathJvmTest,kotlinCompilerPluginClasspathMetadataCommonMain
org.jetbrains.kotlin:kotlin-scripting-compiler-embeddable:1.8.22=kotlinCompilerPluginClasspathJsMain,kotlinCompilerPluginClasspathJsTest,kotlinCompilerPluginClasspathJvmMain,kotlinCompilerPluginClasspathJvmTest,kotlinCompilerPluginClasspathMetadataCommonMain
org.jetbrains.kotlin:kotlin-scripting-compiler-impl-embeddable:1.8.22=kotlinCompilerPluginClasspathJsMain,kotlinCompilerPluginClasspathJsTest,kotlinCompilerPluginClasspathJvmMain,kotlinCompilerPluginClasspathJvmTest,kotlinCompilerPluginClasspathMetadataCommonMain
org.jetbrains.kotlin:kotlin-scripting-jvm:1.8.22=kotlinCompilerPluginClasspathJsMain,kotlinCompilerPluginClasspathJsTest,kotlinCompilerPluginClasspathJvmMain,kotlinCompilerPluginClasspathJvmTest,kotlinCompilerPluginClasspathMetadataCommonMain
org.jetbrains.kotlin:kotlin-serialization:1.8.22=kotlinCompilerPluginClasspathJsMain,kotlinCompilerPluginClasspathJsTest,kotlinCompilerPluginClasspathJvmMain,kotlinCompilerPluginClasspathJvmTest,kotlinCompilerPluginClasspathMetadataCommonMain
org.jetbrains.kotlin:kotlin-stdlib-common:1.8.22=commonMainResolvableDependenciesMetadata,jsNpm,jsTestNpm,kotlinCompilerClasspath,kotlinCompilerPluginClasspathJsMain,kotlinCompilerPluginClasspathJsTest,kotlinCompilerPluginClasspathJvmMain,kotlinCompilerPluginClasspathJvmTest,kotlinCompilerPluginClasspathMetadataCommonMain
org.jetbrains.kotlin:kotlin-stdlib-jdk7:1.8.22=jvmCompileClasspath,jvmTestCompileClasspath,jvmTestRuntimeClasspath
org.jetbrains.kotlin:kotlin-stdlib-jdk8:1.8.22=jvmCompileClasspath,jvmTestCompileClasspath,jvmTestRuntimeClasspath
org.jetbrains.kotlin:kotlin-stdlib-js:1.8.22=jsCompileClasspath,jsNpm,jsRuntimeClasspath,jsTestCompileClasspath,jsTestNpm,jsTestRuntimeClasspath
org.jetbrains.kotlin:kotlin-stdlib:1.8.22=jvmCompileClasspath,jvmTestCompileClasspath,jvmTestRuntimeClasspath,kotlinCompilerClasspath,kotlinCompilerPluginClasspathJsMain,kotlinCompilerPluginClasspathJsTest,kotlinCompilerPluginClasspathJvmMain,kotlinCompilerPluginClasspathJvmTest,kotlinCompilerPluginClasspathMetadataCommonMain
org.jetbrains.kotlin:kotlin-test-js-runner:1.8.22=jsNpm,jsTestNpm
org.jetbrains.kotlin:kotlin-test-js:1.8.22=jsTestCompileClasspath,jsTestNpm,jsTestRuntimeClasspath
org.jetbrains.kotlin:kotlin-test-junit5:1.8.22=jvmTestCompileClasspath,jvmTestRuntimeClasspath
org.jetbrains.kotlin:kotlin-test:1.8.22=jsTestCompileClasspath,jsTestNpm,jsTestRuntimeClasspath,jvmTestCompileClasspath,jvmTestRuntimeClasspath
org.jetbrains.kotlin:kotlin-tooling-core:1.8.22=kotlinCompilerPluginClasspathJsMain,kotlinCompilerPluginClasspathJsTest,kotlinCompilerPluginClasspathJvmMain,kotlinCompilerPluginClasspathJvmTest,kotlinCompilerPluginClasspathMetadataCommonMain
org.jetbrains.kotlin:kotlin-util-io:1.8.22=kotlinCompilerPluginClasspathJsMain,kotlinCompilerPluginClasspathJsTest,kotlinCompilerPluginClasspathJvmMain,kotlinCompilerPluginClasspathJvmTest,kotlinCompilerPluginClasspathMetadataCommonMain
org.jetbrains.kotlinx:kotlinx-serialization-bom:1.5.1=jvmCompileClasspath,jvmTestCompileClasspath,jvmTestRuntimeClasspath
org.jetbrains.kotlinx:kotlinx-serialization-core-js:1.5.1=jsCompileClasspath,jsNpm,jsRuntimeClasspath,jsTestCompileClasspath,jsTestNpm,jsTestRuntimeClasspath
org.jetbrains.kotlinx:kotlinx-serialization-core-jvm:1.5.1=jvmCompileClasspath,jvmTestCompileClasspath,jvmTestRuntimeClasspath
org.jetbrains.kotlinx:kotlinx-serialization-core:1.5.1=commonMainResolvableDependenciesMetadata,jsCompileClasspath,jsNpm,jsRuntimeClasspath,jsTestCompileClasspath,jsTestNpm,jsTestRuntimeClasspath,jvmCompileClasspath,jvmTestCompileClasspath,jvmTestRuntimeClasspath
org.jetbrains.kotlinx:kotlinx-serialization-json-js:1.5.1=jsCompileClasspath,jsNpm,jsRuntimeClasspath,jsTestCompileClasspath,jsTestNpm,jsTestRuntimeClasspath
org.jetbrains.kotlinx:kotlinx-serialization-json-jvm:1.5.1=jvmCompileClasspath,jvmTestCompileClasspath,jvmTestRuntimeClasspath
org.jetbrains.kotlinx:kotlinx-serialization-json:1.5.1=commonMainResolvableDependenciesMetadata,jsCompileClasspath,jsNpm,jsRuntimeClasspath,jsTestCompileClasspath,jsTestNpm,jsTestRuntimeClasspath,jvmCompileClasspath,jvmTestCompileClasspath,jvmTestRuntimeClasspath
org.jetbrains:annotations:13.0=jvmCompileClasspath,jvmTestCompileClasspath,jvmTestRuntimeClasspath,kotlinCompilerClasspath,kotlinCompilerPluginClasspathJsMain,kotlinCompilerPluginClasspathJsTest,kotlinCompilerPluginClasspathJvmMain,kotlinCompilerPluginClasspathJvmTest,kotlinCompilerPluginClasspathMetadataCommonMain
org.jetbrains:annotations:16.0.2=koverJvmReporter
org.junit.jupiter:junit-jupiter-api:5.6.3=jvmTestCompileClasspath,jvmTestRuntimeClasspath
org.junit.jupiter:junit-jupiter-engine:5.6.3=jvmTestRuntimeClasspath
org.junit.platform:junit-platform-commons:1.6.3=jvmTestCompileClasspath,jvmTestRuntimeClasspath
org.junit.platform:junit-platform-engine:1.6.3=jvmTestRuntimeClasspath
org.junit:junit-bom:5.6.3=jvmTestCompileClasspath,jvmTestRuntimeClasspath
org.lighthousegames:logging-js:1.3.0=jsCompileClasspath,jsNpm,jsRuntimeClasspath,jsTestCompileClasspath,jsTestNpm,jsTestRuntimeClasspath
org.lighthousegames:logging-jvm:1.3.0=jvmCompileClasspath,jvmTestCompileClasspath,jvmTestRuntimeClasspath
org.lighthousegames:logging:1.3.0=commonMainResolvableDependenciesMetadata,jsCompileClasspath,jsNpm,jsRuntimeClasspath,jsTestCompileClasspath,jsTestNpm,jsTestRuntimeClasspath,jvmCompileClasspath,jvmTestCompileClasspath,jvmTestRuntimeClasspath
org.opentest4j:opentest4j:1.2.0=jvmTestCompileClasspath,jvmTestRuntimeClasspath
org.slf4j:slf4j-api:1.7.32=jvmTestRuntimeClasspath
empty=allSourceSetsCompileDependenciesMetadata,kotlinScriptDefExtensions,koverExternalArtifacts,testKotlinScriptDefExtensions
